<?xml version="1.0" encoding="utf-8"?>
<Project ToolsVersion="4.0" xmlns="http://schemas.microsoft.com/developer/msbuild/2003">
  <ItemGroup>
    <Filter Include="ext">
      <UniqueIdentifier>{7670880B-E279-887C-6BF5-9E7CD7FD937C}</UniqueIdentifier>
    </Filter>
    <Filter Include="ext\lua_jit">
      <UniqueIdentifier>{8D00F927-F9B5-711D-82AA-6BF4EE5E6821}</UniqueIdentifier>
    </Filter>
    <Filter Include="ext\lua_jit\dynasm">
      <UniqueIdentifier>{C8D81B8A-B4BC-DCDF-1D1D-D7320920C761}</UniqueIdentifier>
    </Filter>
    <Filter Include="ext\lua_jit\src">
      <UniqueIdentifier>{243D8C86-90C8-F94A-99D9-7C3F05E4554B}</UniqueIdentifier>
    </Filter>
    <Filter Include="ext\lua_jit\src\host">
      <UniqueIdentifier>{31824120-1D11-CBE9-C62F-DFE4B29DDB8F}</UniqueIdentifier>
    </Filter>
    <Filter Include="ext\lua_jit\src\jit">
      <UniqueIdentifier>{DAC5093F-4627-E74C-CF94-2DFF3BF51D0C}</UniqueIdentifier>
    </Filter>
    <Filter Include="ext\lua_lib">
      <UniqueIdentifier>{FD08F927-69BE-711D-F2B2-6BF45E676821}</UniqueIdentifier>
    </Filter>
    <Filter Include="ext\lua_lib\bin">
      <UniqueIdentifier>{25B43A1F-913F-A8E3-9A50-2BD8065B04E4}</UniqueIdentifier>
    </Filter>
    <Filter Include="ext\lua_lib\bin\debug-windows-x86_64">
      <UniqueIdentifier>{0F544D4A-FB3A-0F42-A48B-755F905188A8}</UniqueIdentifier>
    </Filter>
    <Filter Include="ext\lua_lib\bin\debug-windows-x86_64\lua_interp">
      <UniqueIdentifier>{11323159-7D6D-911C-8662-0EACF21C164D}</UniqueIdentifier>
    </Filter>
    <Filter Include="src_cpp">
      <UniqueIdentifier>{AF454AA9-1B25-C944-243D-541B909B2FA6}</UniqueIdentifier>
    </Filter>
    <Filter Include="src_cpp\core">
      <UniqueIdentifier>{87DB3E97-733E-CE3B-1CC4-06F208069ABE}</UniqueIdentifier>
    </Filter>
    <Filter Include="src_cpp\graphics">
      <UniqueIdentifier>{EF7E0FFC-DB77-2E4E-04AA-13D3F0010E5A}</UniqueIdentifier>
    </Filter>
    <Filter Include="src_cpp\graphics\control">
      <UniqueIdentifier>{BF46ABCA-AB6B-FA4A-D4B6-DFDAC03AF968}</UniqueIdentifier>
    </Filter>
    <Filter Include="src_cpp\graphics\gcontext">
      <UniqueIdentifier>{EA1E4A37-56E1-7DC1-9F91-0C4E0B93569F}</UniqueIdentifier>
    </Filter>
    <Filter Include="src_cpp\library">
      <UniqueIdentifier>{D3759354-3F01-0119-4812-840DB41C5D19}</UniqueIdentifier>
    </Filter>
    <Filter Include="src_cpp\math">
      <UniqueIdentifier>{081C4497-F47E-D33B-9D04-0CF289469FBE}</UniqueIdentifier>
    </Filter>
    <Filter Include="src_cpp\systems">
      <UniqueIdentifier>{D672F295-42FE-5F5A-4B0F-E34EB719BC5A}</UniqueIdentifier>
    </Filter>
  </ItemGroup>
  <ItemGroup>
    <ClInclude Include="src_cpp\core\graphics_decl.hpp">
      <Filter>src_cpp\core</Filter>
    </ClInclude>
    <ClInclude Include="src_cpp\core\lua_decl.hpp">
      <Filter>src_cpp\core</Filter>
    </ClInclude>
    <ClInclude Include="src_cpp\core\nc_adata_res.h">
      <Filter>src_cpp\core</Filter>
    </ClInclude>
    <ClInclude Include="src_cpp\core\nc_asingleton.h">
      <Filter>src_cpp\core</Filter>
    </ClInclude>
    <ClInclude Include="src_cpp\core\nc_decl.hpp">
      <Filter>src_cpp\core</Filter>
    </ClInclude>
    <ClInclude Include="src_cpp\core\nc_def.hpp">
      <Filter>src_cpp\core</Filter>
    </ClInclude>
    <ClInclude Include="src_cpp\core\nc_engine.h">
      <Filter>src_cpp\core</Filter>
    </ClInclude>
    <ClInclude Include="src_cpp\core\nc_engine_state.h">
      <Filter>src_cpp\core</Filter>
    </ClInclude>
    <ClInclude Include="src_cpp\graphics\control\nc_drawer.h">
      <Filter>src_cpp\graphics\control</Filter>
    </ClInclude>
    <ClInclude Include="src_cpp\graphics\gcontext\nc_cwindow.h">
      <Filter>src_cpp\graphics\gcontext</Filter>
    </ClInclude>
    <ClInclude Include="src_cpp\graphics\nc_gstructs.h">
      <Filter>src_cpp\graphics</Filter>
    </ClInclude>
    <ClInclude Include="src_cpp\graphics\nc_gtypes.h">
      <Filter>src_cpp\graphics</Filter>
    </ClInclude>
    <ClInclude Include="src_cpp\library\nc_aevent.h">
      <Filter>src_cpp\library</Filter>
    </ClInclude>
    <ClInclude Include="src_cpp\library\nc_algorithm.h">
      <Filter>src_cpp\library</Filter>
    </ClInclude>
    <ClInclude Include="src_cpp\library\nc_container.h">
      <Filter>src_cpp\library</Filter>
    </ClInclude>
    <ClInclude Include="src_cpp\library\nc_memory.h">
      <Filter>src_cpp\library</Filter>
    </ClInclude>
    <ClInclude Include="src_cpp\library\nc_number.h">
      <Filter>src_cpp\library</Filter>
    </ClInclude>
    <ClInclude Include="src_cpp\library\nc_string.h">
      <Filter>src_cpp\library</Filter>
    </ClInclude>
    <ClInclude Include="src_cpp\library\nc_time.h">
      <Filter>src_cpp\library</Filter>
    </ClInclude>
    <ClInclude Include="src_cpp\math\nc_vec.h">
      <Filter>src_cpp\math</Filter>
    </ClInclude>
    <ClInclude Include="src_cpp\native_console.hpp">
      <Filter>src_cpp</Filter>
    </ClInclude>
    <ClInclude Include="src_cpp\nc_core.hpp">
      <Filter>src_cpp</Filter>
    </ClInclude>
    <ClInclude Include="src_cpp\nc_pch.hpp">
      <Filter>src_cpp</Filter>
    </ClInclude>
    <ClInclude Include="src_cpp\systems\nc_ev_sys.h">
      <Filter>src_cpp\systems</Filter>
    </ClInclude>
    <ClInclude Include="src_cpp\systems\nc_io_sys.h">
      <Filter>src_cpp\systems</Filter>
    </ClInclude>
    <ClInclude Include="src_cpp\systems\nc_log_sys.h">
      <Filter>src_cpp\systems</Filter>
    </ClInclude>
    <ClInclude Include="src_cpp\systems\nc_time_sys.h">
      <Filter>src_cpp\systems</Filter>
    </ClInclude>
  </ItemGroup>
  <ItemGroup>
    <ClCompile Include="src_cpp\core\nc_adata_res.cpp">
      <Filter>src_cpp\core</Filter>
    </ClCompile>
    <ClCompile Include="src_cpp\core\nc_engine.cpp">
      <Filter>src_cpp\core</Filter>
    </ClCompile>
    <ClCompile Include="src_cpp\core\nc_engine_state.cpp">
      <Filter>src_cpp\core</Filter>
    </ClCompile>
    <ClCompile Include="src_cpp\graphics\control\nc_drawer.cpp">
      <Filter>src_cpp\graphics\control</Filter>
    </ClCompile>
    <ClCompile Include="src_cpp\graphics\gcontext\nc_cwindow.cpp">
      <Filter>src_cpp\graphics\gcontext</Filter>
    </ClCompile>
    <ClCompile Include="src_cpp\graphics\nc_gstructs.cpp">
      <Filter>src_cpp\graphics</Filter>
    </ClCompile>
    <ClCompile Include="src_cpp\graphics\nc_gtypes.cpp">
      <Filter>src_cpp\graphics</Filter>
    </ClCompile>
    <ClCompile Include="src_cpp\library\nc_time.cpp">
      <Filter>src_cpp\library</Filter>
    </ClCompile>
    <ClCompile Include="src_cpp\nc_pch.cpp">
      <Filter>src_cpp</Filter>
    </ClCompile>
    <ClCompile Include="src_cpp\systems\nc_ev_sys.cpp">
      <Filter>src_cpp\systems</Filter>
    </ClCompile>
    <ClCompile Include="src_cpp\systems\nc_io_sys.cpp">
      <Filter>src_cpp\systems</Filter>
    </ClCompile>
    <ClCompile Include="src_cpp\systems\nc_log_sys.cpp">
      <Filter>src_cpp\systems</Filter>
    </ClCompile>
    <ClCompile Include="src_cpp\systems\nc_time_sys.cpp">
      <Filter>src_cpp\systems</Filter>
    </ClCompile>
  </ItemGroup>
  <ItemGroup>
    <None Include="ext\lua_jit\dynasm\dasm_arm.lua">
      <Filter>ext\lua_jit\dynasm</Filter>
    </None>
    <None Include="ext\lua_jit\dynasm\dasm_arm64.lua">
      <Filter>ext\lua_jit\dynasm</Filter>
    </None>
    <None Include="ext\lua_jit\dynasm\dasm_mips.lua">
      <Filter>ext\lua_jit\dynasm</Filter>
    </None>
    <None Include="ext\lua_jit\dynasm\dasm_mips64.lua">
      <Filter>ext\lua_jit\dynasm</Filter>
    </None>
    <None Include="ext\lua_jit\dynasm\dasm_ppc.lua">
      <Filter>ext\lua_jit\dynasm</Filter>
    </None>
    <None Include="ext\lua_jit\dynasm\dasm_x64.lua">
      <Filter>ext\lua_jit\dynasm</Filter>
    </None>
    <None Include="ext\lua_jit\dynasm\dasm_x86.lua">
      <Filter>ext\lua_jit\dynasm</Filter>
    </None>
    <None Include="ext\lua_jit\dynasm\dynasm.lua">
      <Filter>ext\lua_jit\dynasm</Filter>
    </None>
    <None Include="ext\lua_jit\premake5.lua">
      <Filter>ext\lua_jit</Filter>
    </None>
    <None Include="ext\lua_jit\src\host\genlibbc.lua">
      <Filter>ext\lua_jit\src\host</Filter>
    </None>
    <None Include="ext\lua_jit\src\host\genminilua.lua">
      <Filter>ext\lua_jit\src\host</Filter>
    </None>
    <None Include="ext\lua_jit\src\jit\bc.lua">
      <Filter>ext\lua_jit\src\jit</Filter>
    </None>
    <None Include="ext\lua_jit\src\jit\bcsave.lua">
      <Filter>ext\lua_jit\src\jit</Filter>
    </None>
    <None Include="ext\lua_jit\src\jit\dis_arm.lua">
      <Filter>ext\lua_jit\src\jit</Filter>
    </None>
    <None Include="ext\lua_jit\src\jit\dis_arm64.lua">
      <Filter>ext\lua_jit\src\jit</Filter>
    </None>
    <None Include="ext\lua_jit\src\jit\dis_arm64be.lua">
      <Filter>ext\lua_jit\src\jit</Filter>
    </None>
    <None Include="ext\lua_jit\src\jit\dis_mips.lua">
      <Filter>ext\lua_jit\src\jit</Filter>
    </None>
    <None Include="ext\lua_jit\src\jit\dis_mips64.lua">
      <Filter>ext\lua_jit\src\jit</Filter>
    </None>
    <None Include="ext\lua_jit\src\jit\dis_mips64el.lua">
      <Filter>ext\lua_jit\src\jit</Filter>
    </None>
    <None Include="ext\lua_jit\src\jit\dis_mipsel.lua">
      <Filter>ext\lua_jit\src\jit</Filter>
    </None>
    <None Include="ext\lua_jit\src\jit\dis_ppc.lua">
      <Filter>ext\lua_jit\src\jit</Filter>
    </None>
    <None Include="ext\lua_jit\src\jit\dis_x64.lua">
      <Filter>ext\lua_jit\src\jit</Filter>
    </None>
    <None Include="ext\lua_jit\src\jit\dis_x86.lua">
      <Filter>ext\lua_jit\src\jit</Filter>
    </None>
    <None Include="ext\lua_jit\src\jit\dump.lua">
      <Filter>ext\lua_jit\src\jit</Filter>
    </None>
    <None Include="ext\lua_jit\src\jit\p.lua">
      <Filter>ext\lua_jit\src\jit</Filter>
    </None>
    <None Include="ext\lua_jit\src\jit\v.lua">
      <Filter>ext\lua_jit\src\jit</Filter>
    </None>
    <None Include="ext\lua_jit\src\jit\vmdef.lua">
      <Filter>ext\lua_jit\src\jit</Filter>
    </None>
    <None Include="ext\lua_jit\src\jit\zone.lua">
      <Filter>ext\lua_jit\src\jit</Filter>
    </None>
    <None Include="ext\lua_lib\bin\debug-windows-x86_64\lua_interp\lrn_0.lua">
      <Filter>ext\lua_lib\bin\debug-windows-x86_64\lua_interp</Filter>
    </None>
    <None Include="ext\lua_lib\bin\debug-windows-x86_64\lua_interp\lrn_1.lua">
      <Filter>ext\lua_lib\bin\debug-windows-x86_64\lua_interp</Filter>
    </None>
    <None Include="ext\lua_lib\lmd_ent_sys.lua">
      <Filter>ext\lua_lib</Filter>
    </None>
    <None Include="ext\lua_lib\premake5.lua">
      <Filter>ext\lua_lib</Filter>
    </None>
  </ItemGroup>
</Project>